{
  "name": "most-repeated-letter-in-the-file",
  "lockfileVersion": 3,
  "requires": true,
  "packages": {
    "": {
      "dependencies": {
        "@julidino/find-most-repeated-letter": "^1.0.0"
      }
    },
    "node_modules/@julidino/find-most-repeated-letter": {
      "version": "1.0.0",
      "resolved": "https://registry.npmjs.org/@julidino/find-most-repeated-letter/-/find-most-repeated-letter-1.0.0.tgz",
      "integrity": "sha512-LXNT8h0JaWH86VR0G/vuz0y7yJ0IiGi8hLdqCcmunrol3Rj/seItMid4GneoIXV5bY3Vff68gKjB4ReC2SW5Mw=="
    }
  }
}
